
Microsoft Visual Studio Solution File, Format Version 12.00
# Visual Studio Version 16
VisualStudioVersion = 16.0.30011.22
MinimumVisualStudioVersion = 10.0.40219.1
Project("{FAE04EC0-301F-11D3-BF4B-00C04F79EFBC}") = "GathaoWeb.NetCore", "GathaoWeb.NetCore\GathaoWeb.NetCore.csproj", "{FF7C0922-6377-4686-9BAE-29C48BA14C47}"
EndProject
Global
	GlobalSection(SolutionConfigurationPlatforms) = preSolution
		Debug|Any CPU = Debug|Any CPU
		Release|Any CPU = Release|Any CPU
	EndGlobalSection
	GlobalSection(ProjectConfigurationPlatforms) = postSolution
		{FF7C0922-6377-4686-9BAE-29C48BA14C47}.Debug|Any CPU.ActiveCfg = Debug|Any CPU
		{FF7C0922-6377-4686-9BAE-29C48BA14C47}.Debug|Any CPU.Build.0 = Debug|Any CPU
		{FF7C0922-6377-4686-9BAE-29C48BA14C47}.Release|Any CPU.ActiveCfg = Release|Any CPU
		{FF7C0922-6377-4686-9BAE-29C48BA14C47}.Release|Any CPU.Build.0 = Release|Any CPU
	EndGlobalSection
	GlobalSection(SolutionProperties) = preSolution
		HideSolutionNode = FALSE
	EndGlobalSection
	GlobalSection(ExtensibilityGlobals) = postSolution
		SolutionGuid = {B4945188-A500-46F5-9D28-A34094101408}
	EndGlobalSection
EndGlobal
